// !$*UTF8*$!
{
	archiveVersion = 1;
	classes = {
	};
	objectVersion = 48;
	objects = {

/* Begin PBXBuildFile section */
		789CB071210ACBE200C4C198 /* AppDelegate.swift in Sources */ = {isa = PBXBuildFile; fileRef = 789CB070210ACBE200C4C198 /* AppDelegate.swift */; };
		789CB073210ACBE200C4C198 /* ViewController.swift in Sources */ = {isa = PBXBuildFile; fileRef = 789CB072210ACBE200C4C198 /* ViewController.swift */; };
		789CB076210ACBE200C4C198 /* Main.storyboard in Resources */ = {isa = PBXBuildFile; fileRef = 789CB074210ACBE200C4C198 /* Main.storyboard */; };
		789CB078210ACBE200C4C198 /* Assets.xcassets in Resources */ = {isa = PBXBuildFile; fileRef = 789CB077210ACBE200C4C198 /* Assets.xcassets */; };
		789CB07B210ACBE200C4C198 /* LaunchScreen.storyboard in Resources */ = {isa = PBXBuildFile; fileRef = 789CB079210ACBE200C4C198 /* LaunchScreen.storyboard */; };
		789CB085210ACC9C00C4C198 /* Constant.swift in Sources */ = {isa = PBXBuildFile; fileRef = 789CB084210ACC9C00C4C198 /* Constant.swift */; };
		789CB087210ACDA400C4C198 /* BaseViewController.swift in Sources */ = {isa = PBXBuildFile; fileRef = 789CB086210ACDA400C4C198 /* BaseViewController.swift */; };
		789CB089210ACE8300C4C198 /* TButton.swift in Sources */ = {isa = PBXBuildFile; fileRef = 789CB088210ACE8300C4C198 /* TButton.swift */; };
		789CB08B210AD04300C4C198 /* TTextField.swift in Sources */ = {isa = PBXBuildFile; fileRef = 789CB08A210AD04300C4C198 /* TTextField.swift */; };
/* End PBXBuildFile section */

/* Begin PBXFileReference section */
		789CB06D210ACBE200C4C198 /* HybridUserInterface.app */ = {isa = PBXFileReference; explicitFileType = wrapper.application; includeInIndex = 0; path = HybridUserInterface.app; sourceTree = BUILT_PRODUCTS_DIR; };
		789CB070210ACBE200C4C198 /* AppDelegate.swift */ = {isa = PBXFileReference; lastKnownFileType = sourcecode.swift; path = AppDelegate.swift; sourceTree = "<group>"; };
		789CB072210ACBE200C4C198 /* ViewController.swift */ = {isa = PBXFileReference; lastKnownFileType = sourcecode.swift; path = ViewController.swift; sourceTree = "<group>"; };
		789CB075210ACBE200C4C198 /* Base */ = {isa = PBXFileReference; lastKnownFileType = file.storyboard; name = Base; path = Base.lproj/Main.storyboard; sourceTree = "<group>"; };
		789CB077210ACBE200C4C198 /* Assets.xcassets */ = {isa = PBXFileReference; lastKnownFileType = folder.assetcatalog; path = Assets.xcassets; sourceTree = "<group>"; };
		789CB07A210ACBE200C4C198 /* Base */ = {isa = PBXFileReference; lastKnownFileType = file.storyboard; name = Base; path = Base.lproj/LaunchScreen.storyboard; sourceTree = "<group>"; };
		789CB07C210ACBE200C4C198 /* Info.plist */ = {isa = PBXFileReference; lastKnownFileType = text.plist.xml; path = Info.plist; sourceTree = "<group>"; };
		789CB084210ACC9C00C4C198 /* Constant.swift */ = {isa = PBXFileReference; lastKnownFileType = sourcecode.swift; path = Constant.swift; sourceTree = "<group>"; };
		789CB086210ACDA400C4C198 /* BaseViewController.swift */ = {isa = PBXFileReference; lastKnownFileType = sourcecode.swift; path = BaseViewController.swift; sourceTree = "<group>"; };
		789CB088210ACE8300C4C198 /* TButton.swift */ = {isa = PBXFileReference; lastKnownFileType = sourcecode.swift; path = TButton.swift; sourceTree = "<group>"; };
		789CB08A210AD04300C4C198 /* TTextField.swift */ = {isa = PBXFileReference; lastKnownFileType = sourcecode.swift; path = TTextField.swift; sourceTree = "<group>"; };
/* End PBXFileReference section */

/* Begin PBXFrameworksBuildPhase section */
		789CB06A210ACBE200C4C198 /* Frameworks */ = {
			isa = PBXFrameworksBuildPhase;
			buildActionMask = 2147483647;
			files = (
			);
			runOnlyForDeploymentPostprocessing = 0;
		};
/* End PBXFrameworksBuildPhase section */

/* Begin PBXGroup section */
		789CB064210ACBE200C4C198 = {
			isa = PBXGroup;
			children = (
				789CB06F210ACBE200C4C198 /* HabridUserInterface */,
				789CB06E210ACBE200C4C198 /* Products */,
			);
			sourceTree = "<group>";
		};
		789CB06E210ACBE200C4C198 /* Products */ = {
			isa = PBXGroup;
			children = (
				789CB06D210ACBE200C4C198 /* HybridUserInterface.app */,
			);
			name = Products;
			sourceTree = "<group>";
		};
		789CB06F210ACBE200C4C198 /* HabridUserInterface */ = {
			isa = PBXGroup;
			children = (
				789CB083210ACC6F00C4C198 /* Utility */,
				789CB082210ACC0400C4C198 /* CustomeViewClases */,
				789CB070210ACBE200C4C198 /* AppDelegate.swift */,
				789CB072210ACBE200C4C198 /* ViewController.swift */,
				789CB074210ACBE200C4C198 /* Main.storyboard */,
				789CB077210ACBE200C4C198 /* Assets.xcassets */,
				789CB079210ACBE200C4C198 /* LaunchScreen.storyboard */,
				789CB07C210ACBE200C4C198 /* Info.plist */,
			);
			path = HabridUserInterface;
			sourceTree = "<group>";
		};
		789CB082210ACC0400C4C198 /* CustomeViewClases */ = {
			isa = PBXGroup;
			children = (
				789CB086210ACDA400C4C198 /* BaseViewController.swift */,
				789CB088210ACE8300C4C198 /* TButton.swift */,
				789CB08A210AD04300C4C198 /* TTextField.swift */,
			);
			path = CustomeViewClases;
			sourceTree = "<group>";
		};
		789CB083210ACC6F00C4C198 /* Utility */ = {
			isa = PBXGroup;
			children = (
				789CB084210ACC9C00C4C198 /* Constant.swift */,
			);
			path = Utility;
			sourceTree = "<group>";
		};
/* End PBXGroup section */

/* Begin PBXNativeTarget section */
		789CB06C210ACBE200C4C198 /* HybridUserInterface */ = {
			isa = PBXNativeTarget;
			buildConfigurationList = 789CB07F210ACBE200C4C198 /* Build configuration list for PBXNativeTarget "HybridUserInterface" */;
			buildPhases = (
				789CB069210ACBE200C4C198 /* Sources */,
				789CB06A210ACBE200C4C198 /* Frameworks */,
				789CB06B210ACBE200C4C198 /* Resources */,
			);
			buildRules = (
			);
			dependencies = (
			);
			name = HybridUserInterface;
			productName = HabridUserInterface;
			productReference = 789CB06D210ACBE200C4C198 /* HybridUserInterface.app */;
			productType = "com.apple.product-type.application";
		};
/* End PBXNativeTarget section */

/* Begin PBXProject section */
		789CB065210ACBE200C4C198 /* Project object */ = {
			isa = PBXProject;
			attributes = {
				LastSwiftUpdateCheck = 0920;
				LastUpgradeCheck = 0920;
				ORGANIZATIONNAME = Tushar;
				TargetAttributes = {
					789CB06C210ACBE200C4C198 = {
						CreatedOnToolsVersion = 9.2;
						ProvisioningStyle = Automatic;
					};
				};
			};
			buildConfigurationList = 789CB068210ACBE200C4C198 /* Build configuration list for PBXProject "HybridUserInterface" */;
			compatibilityVersion = "Xcode 8.0";
			developmentRegion = en;
			hasScannedForEncodings = 0;
			knownRegions = (
				en,
				Base,
			);
			mainGroup = 789CB064210ACBE200C4C198;
			productRefGroup = 789CB06E210ACBE200C4C198 /* Products */;
			projectDirPath = "";
			projectRoot = "";
			targets = (
				789CB06C210ACBE200C4C198 /* HybridUserInterface */,
			);
		};
/* End PBXProject section */

/* Begin PBXResourcesBuildPhase section */
		789CB06B210ACBE200C4C198 /* Resources */ = {
			isa = PBXResourcesBuildPhase;
			buildActionMask = 2147483647;
			files = (
				789CB07B210ACBE200C4C198 /* LaunchScreen.storyboard in Resources */,
				789CB078210ACBE200C4C198 /* Assets.xcassets in Resources */,
				789CB076210ACBE200C4C198 /* Main.storyboard in Resources */,
			);
			runOnlyForDeploymentPostprocessing = 0;
		};
/* End PBXResourcesBuildPhase section */

/* Begin PBXSourcesBuildPhase section */
		789CB069210ACBE200C4C198 /* Sources */ = {
			isa = PBXSourcesBuildPhase;
			buildActionMask = 2147483647;
			files = (
				789CB073210ACBE200C4C198 /* ViewController.swift in Sources */,
				789CB087210ACDA400C4C198 /* BaseViewController.swift in Sources */,
				789CB089210ACE8300C4C198 /* TButton.swift in Sources */,
				789CB071210ACBE200C4C198 /* AppDelegate.swift in Sources */,
				789CB08B210AD04300C4C198 /* TTextField.swift in Sources */,
				789CB085210ACC9C00C4C198 /* Constant.swift in Sources */,
			);
			runOnlyForDeploymentPostprocessing = 0;
		};
/* End PBXSourcesBuildPhase section */

/* Begin PBXVariantGroup section */
		789CB074210ACBE200C4C198 /* Main.storyboard */ = {
			isa = PBXVariantGroup;
			children = (
				789CB075210ACBE200C4C198 /* Base */,
			);
			name = Main.storyboard;
			sourceTree = "<group>";
		};
		789CB079210ACBE200C4C198 /* LaunchScreen.storyboard */ = {
			isa = PBXVariantGroup;
			children = (
				789CB07A210ACBE200C4C198 /* Base */,
			);
			name = LaunchScreen.storyboard;
			sourceTree = "<group>";
		};
/* End PBXVariantGroup section */

/* Begin XCBuildConfiguration section */
		789CB07D210ACBE200C4C198 /* Debug */ = {
			isa = XCBuildConfiguration;
			buildSettings = {
				ALWAYS_SEARCH_USER_PATHS = NO;
				CLANG_ANALYZER_NONNULL = YES;
				CLANG_ANALYZER_NUMBER_OBJECT_CONVERSION = YES_AGGRESSIVE;
				CLANG_CXX_LANGUAGE_STANDARD = "gnu++14";
				CLANG_CXX_LIBRARY = "libc++";
				CLANG_ENABLE_MODULES = YES;
				CLANG_ENABLE_OBJC_ARC = YES;
				CLANG_WARN_BLOCK_CAPTURE_AUTORELEASING = YES;
				CLANG_WARN_BOOL_CONVERSION = YES;
				CLANG_WARN_COMMA = YES;
				CLANG_WARN_CONSTANT_CONVERSION = YES;
				CLANG_WARN_DIRECT_OBJC_ISA_USAGE = YES_ERROR;
				CLANG_WARN_DOCUMENTATION_COMMENTS = YES;
				CLANG_WARN_EMPTY_BODY = YES;
				CLANG_WARN_ENUM_CONVERSION = YES;
				CLANG_WARN_INFINITE_RECURSION = YES;
				CLANG_WARN_INT_CONVERSION = YES;
				CLANG_WARN_NON_LITERAL_NULL_CONVERSION = YES;
				CLANG_WARN_OBJC_LITERAL_CONVERSION = YES;
				CLANG_WARN_OBJC_ROOT_CLASS = YES_ERROR;
				CLANG_WARN_RANGE_LOOP_ANALYSIS = YES;
				CLANG_WARN_STRICT_PROTOTYPES = YES;
				CLANG_WARN_SUSPICIOUS_MOVE = YES;
				CLANG_WARN_UNGUARDED_AVAILABILITY = YES_AGGRESSIVE;
				CLANG_WARN_UNREACHABLE_CODE = YES;
				CLANG_WARN__DUPLICATE_METHOD_MATCH = YES;
				CODE_SIGN_IDENTITY = "iPhone Developer";
				COPY_PHASE_STRIP = NO;
				DEBUG_INFORMATION_FORMAT = dwarf;
				ENABLE_STRICT_OBJC_MSGSEND = YES;
				ENABLE_TESTABILITY = YES;
				GCC_C_LANGUAGE_STANDARD = gnu11;
				GCC_DYNAMIC_NO_PIC = NO;
				GCC_NO_COMMON_BLOCKS = YES;
				GCC_OPTIMIZATION_LEVEL = 0;
				GCC_PREPROCESSOR_DEFINITIONS = (
					"DEBUG=1",
					"$(inherited)",
				);
				GCC_WARN_64_TO_32_BIT_CONVERSION = YES;
				GCC_WARN_ABOUT_RETURN_TYPE = YES_ERROR;
				GCC_WARN_UNDECLARED_SELECTOR = YES;
				GCC_WARN_UNINITIALIZED_AUTOS = YES_AGGRESSIVE;
				GCC_WARN_UNUSED_FUNCTION = YES;
				GCC_WARN_UNUSED_VARIABLE = YES;
				IPHONEOS_DEPLOYMENT_TARGET = 11.2;
				MTL_ENABLE_DEBUG_INFO = YES;
				ONLY_ACTIVE_ARCH = YES;
				SDKROOT = iphoneos;
				SWIFT_ACTIVE_COMPILATION_CONDITIONS = DEBUG;
				SWIFT_OPTIMIZATION_LEVEL = "-Onone";
			};
			name = Debug;
		};
		789CB07E210ACBE200C4C198 /* Release */ = {
			isa = XCBuildConfiguration;
			buildSettings = {
				ALWAYS_SEARCH_USER_PATHS = NO;
				CLANG_ANALYZER_NONNULL = YES;
				CLANG_ANALYZER_NUMBER_OBJECT_CONVERSION = YES_AGGRESSIVE;
				CLANG_CXX_LANGUAGE_STANDARD = "gnu++14";
				CLANG_CXX_LIBRARY = "libc++";
				CLANG_ENABLE_MODULES = YES;
				CLANG_ENABLE_OBJC_ARC = YES;
				CLANG_WARN_BLOCK_CAPTURE_AUTORELEASING = YES;
				CLANG_WARN_BOOL_CONVERSION = YES;
				CLANG_WARN_COMMA = YES;
				CLANG_WARN_CONSTANT_CONVERSION = YES;
				CLANG_WARN_DIRECT_OBJC_ISA_USAGE = YES_ERROR;
				CLANG_WARN_DOCUMENTATION_COMMENTS = YES;
				CLANG_WARN_EMPTY_BODY = YES;
				CLANG_WARN_ENUM_CONVERSION = YES;
				CLANG_WARN_INFINITE_RECURSION = YES;
				CLANG_WARN_INT_CONVERSION = YES;
				CLANG_WARN_NON_LITERAL_NULL_CONVERSION = YES;
				CLANG_WARN_OBJC_LITERAL_CONVERSION = YES;
				CLANG_WARN_OBJC_ROOT_CLASS = YES_ERROR;
				CLANG_WARN_RANGE_LOOP_ANALYSIS = YES;
				CLANG_WARN_STRICT_PROTOTYPES = YES;
				CLANG_WARN_SUSPICIOUS_MOVE = YES;
				CLANG_WARN_UNGUARDED_AVAILABILITY = YES_AGGRESSIVE;
				CLANG_WARN_UNREACHABLE_CODE = YES;
				CLANG_WARN__DUPLICATE_METHOD_MATCH = YES;
				CODE_SIGN_IDENTITY = "iPhone Developer";
				COPY_PHASE_STRIP = NO;
				DEBUG_INFORMATION_FORMAT = "dwarf-with-dsym";
				ENABLE_NS_ASSERTIONS = NO;
				ENABLE_STRICT_OBJC_MSGSEND = YES;
				GCC_C_LANGUAGE_STANDARD = gnu11;
				GCC_NO_COMMON_BLOCKS = YES;
				GCC_WARN_64_TO_32_BIT_CONVERSION = YES;
				GCC_WARN_ABOUT_RETURN_TYPE = YES_ERROR;
				GCC_WARN_UNDECLARED_SELECTOR = YES;
				GCC_WARN_UNINITIALIZED_AUTOS = YES_AGGRESSIVE;
				GCC_WARN_UNUSED_FUNCTION = YES;
				GCC_WARN_UNUSED_VARIABLE = YES;
				IPHONEOS_DEPLOYMENT_TARGET = 11.2;
				MTL_ENABLE_DEBUG_INFO = NO;
				SDKROOT = iphoneos;
				SWIFT_OPTIMIZATION_LEVEL = "-Owholemodule";
				VALIDATE_PRODUCT = YES;
			};
			name = Release;
		};
		789CB080210ACBE200C4C198 /* Debug */ = {
			isa = XCBuildConfiguration;
			buildSettings = {
				ASSETCATALOG_COMPILER_APPICON_NAME = AppIcon;
				CODE_SIGN_STYLE = Automatic;
				INFOPLIST_FILE = HabridUserInterface/Info.plist;
				LD_RUNPATH_SEARCH_PATHS = "$(inherited) @executable_path/Frameworks";
				PRODUCT_BUNDLE_IDENTIFIER = tushar.HabridUserInterface;
				PRODUCT_NAME = "$(TARGET_NAME)";
				SWIFT_VERSION = 4.0;
				TARGETED_DEVICE_FAMILY = "1,2";
			};
			name = Debug;
		};
		789CB081210ACBE200C4C198 /* Release */ = {
			isa = XCBuildConfiguration;
			buildSettings = {
				ASSETCATALOG_COMPILER_APPICON_NAME = AppIcon;
				CODE_SIGN_STYLE = Automatic;
				INFOPLIST_FILE = HabridUserInterface/Info.plist;
				LD_RUNPATH_SEARCH_PATHS = "$(inherited) @executable_path/Frameworks";
				PRODUCT_BUNDLE_IDENTIFIER = tushar.HabridUserInterface;
				PRODUCT_NAME = "$(TARGET_NAME)";
				SWIFT_VERSION = 4.0;
				TARGETED_DEVICE_FAMILY = "1,2";
			};
			name = Release;
		};
/* End XCBuildConfiguration section */

/* Begin XCConfigurationList section */
		789CB068210ACBE200C4C198 /* Build configuration list for PBXProject "HybridUserInterface" */ = {
			isa = XCConfigurationList;
			buildConfigurations = (
				789CB07D210ACBE200C4C198 /* Debug */,
				789CB07E210ACBE200C4C198 /* Release */,
			);
			defaultConfigurationIsVisible = 0;
			defaultConfigurationName = Release;
		};
		789CB07F210ACBE200C4C198 /* Build configuration list for PBXNativeTarget "HybridUserInterface" */ = {
			isa = XCConfigurationList;
			buildConfigurations = (
				789CB080210ACBE200C4C198 /* Debug */,
				789CB081210ACBE200C4C198 /* Release */,
			);
			defaultConfigurationIsVisible = 0;
			defaultConfigurationName = Release;
		};
/* End XCConfigurationList section */
	};
	rootObject = 789CB065210ACBE200C4C198 /* Project object */;
}
